
Microsoft Visual Studio Solution File, Format Version 12.00
# Visual Studio Version 17
VisualStudioVersion = 17.5.33424.131
MinimumVisualStudioVersion = 10.0.40219.1
Project("{FAE04EC0-301F-11D3-BF4B-00C04F79EFBC}") = "SalesWebMVC", "SalesWebMVC\SalesWebMVC.csproj", "{D61E0E3D-F2BB-4207-8BA1-63F9DDC7CAC0}"
EndProject
Global
	GlobalSection(SolutionConfigurationPlatforms) = preSolution
		Debug|Any CPU = Debug|Any CPU
		Release|Any CPU = Release|Any CPU
	EndGlobalSection
	GlobalSection(ProjectConfigurationPlatforms) = postSolution
		{D61E0E3D-F2BB-4207-8BA1-63F9DDC7CAC0}.Debug|Any CPU.ActiveCfg = Debug|Any CPU
		{D61E0E3D-F2BB-4207-8BA1-63F9DDC7CAC0}.Debug|Any CPU.Build.0 = Debug|Any CPU
		{D61E0E3D-F2BB-4207-8BA1-63F9DDC7CAC0}.Release|Any CPU.ActiveCfg = Release|Any CPU
		{D61E0E3D-F2BB-4207-8BA1-63F9DDC7CAC0}.Release|Any CPU.Build.0 = Release|Any CPU
	EndGlobalSection
	GlobalSection(SolutionProperties) = preSolution
		HideSolutionNode = FALSE
	EndGlobalSection
	GlobalSection(ExtensibilityGlobals) = postSolution
		SolutionGuid = {4196B15A-38AB-445F-8746-92B08AA42E51}
	EndGlobalSection
EndGlobal
